// !$*UTF8*$!
{
	archiveVersion = 1;
	classes = {
	};
	objectVersion = 56;
	objects = {

/* Begin PBXBuildFile section */
		D30F796E2A3A39A2005A23B8 /* PlayCardsApp.swift in Sources */ = {isa = PBXBuildFile; fileRef = D30F796D2A3A39A2005A23B8 /* PlayCardsApp.swift */; };
		D30F79702A3A39A2005A23B8 /* ContentView.swift in Sources */ = {isa = PBXBuildFile; fileRef = D30F796F2A3A39A2005A23B8 /* ContentView.swift */; };
		D30F79722A3A39A3005A23B8 /* Assets.xcassets in Resources */ = {isa = PBXBuildFile; fileRef = D30F79712A3A39A3005A23B8 /* Assets.xcassets */; };
		D30F79752A3A39A3005A23B8 /* Preview Assets.xcassets in Resources */ = {isa = PBXBuildFile; fileRef = D30F79742A3A39A3005A23B8 /* Preview Assets.xcassets */; };
		D30F797D2A3A3BD0005A23B8 /* CoreLocation.framework in Frameworks */ = {isa = PBXBuildFile; fileRef = D30F797C2A3A3BD0005A23B8 /* CoreLocation.framework */; };
		D30F79832A3A47A1005A23B8 /* GamePlayView.swift in Sources */ = {isa = PBXBuildFile; fileRef = D30F79822A3A47A1005A23B8 /* GamePlayView.swift */; };
		D30F79862A3A4A1F005A23B8 /* LocationManager.swift in Sources */ = {isa = PBXBuildFile; fileRef = D30F79852A3A4A1F005A23B8 /* LocationManager.swift */; };
		D30F79882A3A4F46005A23B8 /* GameView.swift in Sources */ = {isa = PBXBuildFile; fileRef = D30F79872A3A4F46005A23B8 /* GameView.swift */; };
		D30F798A2A3A4F53005A23B8 /* WinnerView.swift in Sources */ = {isa = PBXBuildFile; fileRef = D30F79892A3A4F53005A23B8 /* WinnerView.swift */; };
		D30F798C2A3DD8D1005A23B8 /* CardModel.swift in Sources */ = {isa = PBXBuildFile; fileRef = D30F798B2A3DD8D1005A23B8 /* CardModel.swift */; };
/* End PBXBuildFile section */

/* Begin PBXFileReference section */
		D30F796A2A3A39A2005A23B8 /* PlayCards.app */ = {isa = PBXFileReference; explicitFileType = wrapper.application; includeInIndex = 0; path = PlayCards.app; sourceTree = BUILT_PRODUCTS_DIR; };
		D30F796D2A3A39A2005A23B8 /* PlayCardsApp.swift */ = {isa = PBXFileReference; lastKnownFileType = sourcecode.swift; path = PlayCardsApp.swift; sourceTree = "<group>"; };
		D30F796F2A3A39A2005A23B8 /* ContentView.swift */ = {isa = PBXFileReference; lastKnownFileType = sourcecode.swift; path = ContentView.swift; sourceTree = "<group>"; };
		D30F79712A3A39A3005A23B8 /* Assets.xcassets */ = {isa = PBXFileReference; lastKnownFileType = folder.assetcatalog; path = Assets.xcassets; sourceTree = "<group>"; };
		D30F79742A3A39A3005A23B8 /* Preview Assets.xcassets */ = {isa = PBXFileReference; lastKnownFileType = folder.assetcatalog; path = "Preview Assets.xcassets"; sourceTree = "<group>"; };
		D30F797C2A3A3BD0005A23B8 /* CoreLocation.framework */ = {isa = PBXFileReference; lastKnownFileType = wrapper.framework; name = CoreLocation.framework; path = System/Library/Frameworks/CoreLocation.framework; sourceTree = SDKROOT; };
		D30F79822A3A47A1005A23B8 /* GamePlayView.swift */ = {isa = PBXFileReference; lastKnownFileType = sourcecode.swift; path = GamePlayView.swift; sourceTree = "<group>"; };
		D30F79852A3A4A1F005A23B8 /* LocationManager.swift */ = {isa = PBXFileReference; lastKnownFileType = sourcecode.swift; path = LocationManager.swift; sourceTree = "<group>"; };
		D30F79872A3A4F46005A23B8 /* GameView.swift */ = {isa = PBXFileReference; lastKnownFileType = sourcecode.swift; path = GameView.swift; sourceTree = "<group>"; };
		D30F79892A3A4F53005A23B8 /* WinnerView.swift */ = {isa = PBXFileReference; lastKnownFileType = sourcecode.swift; path = WinnerView.swift; sourceTree = "<group>"; };
		D30F798B2A3DD8D1005A23B8 /* CardModel.swift */ = {isa = PBXFileReference; lastKnownFileType = sourcecode.swift; path = CardModel.swift; sourceTree = "<group>"; };
/* End PBXFileReference section */

/* Begin PBXFrameworksBuildPhase section */
		D30F79672A3A39A2005A23B8 /* Frameworks */ = {
			isa = PBXFrameworksBuildPhase;
			buildActionMask = 2147483647;
			files = (
				D30F797D2A3A3BD0005A23B8 /* CoreLocation.framework in Frameworks */,
			);
			runOnlyForDeploymentPostprocessing = 0;
		};
/* End PBXFrameworksBuildPhase section */

/* Begin PBXGroup section */
		D30F79612A3A39A2005A23B8 = {
			isa = PBXGroup;
			children = (
				D30F796C2A3A39A2005A23B8 /* PlayCards */,
				D30F796B2A3A39A2005A23B8 /* Products */,
				D30F797B2A3A3BD0005A23B8 /* Frameworks */,
			);
			sourceTree = "<group>";
		};
		D30F796B2A3A39A2005A23B8 /* Products */ = {
			isa = PBXGroup;
			children = (
				D30F796A2A3A39A2005A23B8 /* PlayCards.app */,
			);
			name = Products;
			sourceTree = "<group>";
		};
		D30F796C2A3A39A2005A23B8 /* PlayCards */ = {
			isa = PBXGroup;
			children = (
				D30F79842A3A4A05005A23B8 /* Service */,
				D30F79812A3A3E64005A23B8 /* Views */,
				D30F797F2A3A3E18005A23B8 /* Model */,
				D30F797E2A3A3E08005A23B8 /* Screens */,
				D30F79712A3A39A3005A23B8 /* Assets.xcassets */,
				D30F79732A3A39A3005A23B8 /* Preview Content */,
			);
			path = PlayCards;
			sourceTree = "<group>";
		};
		D30F79732A3A39A3005A23B8 /* Preview Content */ = {
			isa = PBXGroup;
			children = (
				D30F79742A3A39A3005A23B8 /* Preview Assets.xcassets */,
			);
			path = "Preview Content";
			sourceTree = "<group>";
		};
		D30F797B2A3A3BD0005A23B8 /* Frameworks */ = {
			isa = PBXGroup;
			children = (
				D30F797C2A3A3BD0005A23B8 /* CoreLocation.framework */,
			);
			name = Frameworks;
			sourceTree = "<group>";
		};
		D30F797E2A3A3E08005A23B8 /* Screens */ = {
			isa = PBXGroup;
			children = (
				D30F796D2A3A39A2005A23B8 /* PlayCardsApp.swift */,
				D30F796F2A3A39A2005A23B8 /* ContentView.swift */,
				D30F79822A3A47A1005A23B8 /* GamePlayView.swift */,
			);
			path = Screens;
			sourceTree = "<group>";
		};
		D30F797F2A3A3E18005A23B8 /* Model */ = {
			isa = PBXGroup;
			children = (
				D30F798B2A3DD8D1005A23B8 /* CardModel.swift */,
			);
			path = Model;
			sourceTree = "<group>";
		};
		D30F79812A3A3E64005A23B8 /* Views */ = {
			isa = PBXGroup;
			children = (
				D30F79872A3A4F46005A23B8 /* GameView.swift */,
				D30F79892A3A4F53005A23B8 /* WinnerView.swift */,
			);
			path = Views;
			sourceTree = "<group>";
		};
		D30F79842A3A4A05005A23B8 /* Service */ = {
			isa = PBXGroup;
			children = (
				D30F79852A3A4A1F005A23B8 /* LocationManager.swift */,
			);
			path = Service;
			sourceTree = "<group>";
		};
/* End PBXGroup section */

/* Begin PBXNativeTarget section */
		D30F79692A3A39A2005A23B8 /* PlayCards */ = {
			isa = PBXNativeTarget;
			buildConfigurationList = D30F79782A3A39A3005A23B8 /* Build configuration list for PBXNativeTarget "PlayCards" */;
			buildPhases = (
				D30F79662A3A39A2005A23B8 /* Sources */,
				D30F79672A3A39A2005A23B8 /* Frameworks */,
				D30F79682A3A39A2005A23B8 /* Resources */,
			);
			buildRules = (
			);
			dependencies = (
			);
			name = PlayCards;
			productName = PlayCards;
			productReference = D30F796A2A3A39A2005A23B8 /* PlayCards.app */;
			productType = "com.apple.product-type.application";
		};
/* End PBXNativeTarget section */

/* Begin PBXProject section */
		D30F79622A3A39A2005A23B8 /* Project object */ = {
			isa = PBXProject;
			attributes = {
				BuildIndependentTargetsInParallel = 1;
				LastSwiftUpdateCheck = 1430;
				LastUpgradeCheck = 1430;
				TargetAttributes = {
					D30F79692A3A39A2005A23B8 = {
						CreatedOnToolsVersion = 14.3.1;
					};
				};
			};
			buildConfigurationList = D30F79652A3A39A2005A23B8 /* Build configuration list for PBXProject "PlayCards" */;
			compatibilityVersion = "Xcode 14.0";
			developmentRegion = en;
			hasScannedForEncodings = 0;
			knownRegions = (
				en,
				Base,
			);
			mainGroup = D30F79612A3A39A2005A23B8;
			productRefGroup = D30F796B2A3A39A2005A23B8 /* Products */;
			projectDirPath = "";
			projectRoot = "";
			targets = (
				D30F79692A3A39A2005A23B8 /* PlayCards */,
			);
		};
/* End PBXProject section */

/* Begin PBXResourcesBuildPhase section */
		D30F79682A3A39A2005A23B8 /* Resources */ = {
			isa = PBXResourcesBuildPhase;
			buildActionMask = 2147483647;
			files = (
				D30F79752A3A39A3005A23B8 /* Preview Assets.xcassets in Resources */,
				D30F79722A3A39A3005A23B8 /* Assets.xcassets in Resources */,
			);
			runOnlyForDeploymentPostprocessing = 0;
		};
/* End PBXResourcesBuildPhase section */

/* Begin PBXSourcesBuildPhase section */
		D30F79662A3A39A2005A23B8 /* Sources */ = {
			isa = PBXSourcesBuildPhase;
			buildActionMask = 2147483647;
			files = (
				D30F79862A3A4A1F005A23B8 /* LocationManager.swift in Sources */,
				D30F798A2A3A4F53005A23B8 /* WinnerView.swift in Sources */,
				D30F79702A3A39A2005A23B8 /* ContentView.swift in Sources */,
				D30F798C2A3DD8D1005A23B8 /* CardModel.swift in Sources */,
				D30F79832A3A47A1005A23B8 /* GamePlayView.swift in Sources */,
				D30F796E2A3A39A2005A23B8 /* PlayCardsApp.swift in Sources */,
				D30F79882A3A4F46005A23B8 /* GameView.swift in Sources */,
			);
			runOnlyForDeploymentPostprocessing = 0;
		};
/* End PBXSourcesBuildPhase section */

/* Begin XCBuildConfiguration section */
		D30F79762A3A39A3005A23B8 /* Debug */ = {
			isa = XCBuildConfiguration;
			buildSettings = {
				ALWAYS_SEARCH_USER_PATHS = NO;
				CLANG_ANALYZER_NONNULL = YES;
				CLANG_ANALYZER_NUMBER_OBJECT_CONVERSION = YES_AGGRESSIVE;
				CLANG_CXX_LANGUAGE_STANDARD = "gnu++20";
				CLANG_ENABLE_MODULES = YES;
				CLANG_ENABLE_OBJC_ARC = YES;
				CLANG_ENABLE_OBJC_WEAK = YES;
				CLANG_WARN_BLOCK_CAPTURE_AUTORELEASING = YES;
				CLANG_WARN_BOOL_CONVERSION = YES;
				CLANG_WARN_COMMA = YES;
				CLANG_WARN_CONSTANT_CONVERSION = YES;
				CLANG_WARN_DEPRECATED_OBJC_IMPLEMENTATIONS = YES;
				CLANG_WARN_DIRECT_OBJC_ISA_USAGE = YES_ERROR;
				CLANG_WARN_DOCUMENTATION_COMMENTS = YES;
				CLANG_WARN_EMPTY_BODY = YES;
				CLANG_WARN_ENUM_CONVERSION = YES;
				CLANG_WARN_INFINITE_RECURSION = YES;
				CLANG_WARN_INT_CONVERSION = YES;
				CLANG_WARN_NON_LITERAL_NULL_CONVERSION = YES;
				CLANG_WARN_OBJC_IMPLICIT_RETAIN_SELF = YES;
				CLANG_WARN_OBJC_LITERAL_CONVERSION = YES;
				CLANG_WARN_OBJC_ROOT_CLASS = YES_ERROR;
				CLANG_WARN_QUOTED_INCLUDE_IN_FRAMEWORK_HEADER = YES;
				CLANG_WARN_RANGE_LOOP_ANALYSIS = YES;
				CLANG_WARN_STRICT_PROTOTYPES = YES;
				CLANG_WARN_SUSPICIOUS_MOVE = YES;
				CLANG_WARN_UNGUARDED_AVAILABILITY = YES_AGGRESSIVE;
				CLANG_WARN_UNREACHABLE_CODE = YES;
				CLANG_WARN__DUPLICATE_METHOD_MATCH = YES;
				COPY_PHASE_STRIP = NO;
				DEBUG_INFORMATION_FORMAT = dwarf;
				ENABLE_STRICT_OBJC_MSGSEND = YES;
				ENABLE_TESTABILITY = YES;
				GCC_C_LANGUAGE_STANDARD = gnu11;
				GCC_DYNAMIC_NO_PIC = NO;
				GCC_NO_COMMON_BLOCKS = YES;
				GCC_OPTIMIZATION_LEVEL = 0;
				GCC_PREPROCESSOR_DEFINITIONS = (
					"DEBUG=1",
					"$(inherited)",
				);
				GCC_WARN_64_TO_32_BIT_CONVERSION = YES;
				GCC_WARN_ABOUT_RETURN_TYPE = YES_ERROR;
				GCC_WARN_UNDECLARED_SELECTOR = YES;
				GCC_WARN_UNINITIALIZED_AUTOS = YES_AGGRESSIVE;
				GCC_WARN_UNUSED_FUNCTION = YES;
				GCC_WARN_UNUSED_VARIABLE = YES;
				IPHONEOS_DEPLOYMENT_TARGET = 16.4;
				MTL_ENABLE_DEBUG_INFO = INCLUDE_SOURCE;
				MTL_FAST_MATH = YES;
				ONLY_ACTIVE_ARCH = YES;
				SDKROOT = iphoneos;
				SWIFT_ACTIVE_COMPILATION_CONDITIONS = DEBUG;
				SWIFT_OPTIMIZATION_LEVEL = "-Onone";
			};
			name = Debug;
		};
		D30F79772A3A39A3005A23B8 /* Release */ = {
			isa = XCBuildConfiguration;
			buildSettings = {
				ALWAYS_SEARCH_USER_PATHS = NO;
				CLANG_ANALYZER_NONNULL = YES;
				CLANG_ANALYZER_NUMBER_OBJECT_CONVERSION = YES_AGGRESSIVE;
				CLANG_CXX_LANGUAGE_STANDARD = "gnu++20";
				CLANG_ENABLE_MODULES = YES;
				CLANG_ENABLE_OBJC_ARC = YES;
				CLANG_ENABLE_OBJC_WEAK = YES;
				CLANG_WARN_BLOCK_CAPTURE_AUTORELEASING = YES;
				CLANG_WARN_BOOL_CONVERSION = YES;
				CLANG_WARN_COMMA = YES;
				CLANG_WARN_CONSTANT_CONVERSION = YES;
				CLANG_WARN_DEPRECATED_OBJC_IMPLEMENTATIONS = YES;
				CLANG_WARN_DIRECT_OBJC_ISA_USAGE = YES_ERROR;
				CLANG_WARN_DOCUMENTATION_COMMENTS = YES;
				CLANG_WARN_EMPTY_BODY = YES;
				CLANG_WARN_ENUM_CONVERSION = YES;
				CLANG_WARN_INFINITE_RECURSION = YES;
				CLANG_WARN_INT_CONVERSION = YES;
				CLANG_WARN_NON_LITERAL_NULL_CONVERSION = YES;
				CLANG_WARN_OBJC_IMPLICIT_RETAIN_SELF = YES;
				CLANG_WARN_OBJC_LITERAL_CONVERSION = YES;
				CLANG_WARN_OBJC_ROOT_CLASS = YES_ERROR;
				CLANG_WARN_QUOTED_INCLUDE_IN_FRAMEWORK_HEADER = YES;
				CLANG_WARN_RANGE_LOOP_ANALYSIS = YES;
				CLANG_WARN_STRICT_PROTOTYPES = YES;
				CLANG_WARN_SUSPICIOUS_MOVE = YES;
				CLANG_WARN_UNGUARDED_AVAILABILITY = YES_AGGRESSIVE;
				CLANG_WARN_UNREACHABLE_CODE = YES;
				CLANG_WARN__DUPLICATE_METHOD_MATCH = YES;
				COPY_PHASE_STRIP = NO;
				DEBUG_INFORMATION_FORMAT = "dwarf-with-dsym";
				ENABLE_NS_ASSERTIONS = NO;
				ENABLE_STRICT_OBJC_MSGSEND = YES;
				GCC_C_LANGUAGE_STANDARD = gnu11;
				GCC_NO_COMMON_BLOCKS = YES;
				GCC_WARN_64_TO_32_BIT_CONVERSION = YES;
				GCC_WARN_ABOUT_RETURN_TYPE = YES_ERROR;
				GCC_WARN_UNDECLARED_SELECTOR = YES;
				GCC_WARN_UNINITIALIZED_AUTOS = YES_AGGRESSIVE;
				GCC_WARN_UNUSED_FUNCTION = YES;
				GCC_WARN_UNUSED_VARIABLE = YES;
				IPHONEOS_DEPLOYMENT_TARGET = 16.4;
				MTL_ENABLE_DEBUG_INFO = NO;
				MTL_FAST_MATH = YES;
				SDKROOT = iphoneos;
				SWIFT_COMPILATION_MODE = wholemodule;
				SWIFT_OPTIMIZATION_LEVEL = "-O";
				VALIDATE_PRODUCT = YES;
			};
			name = Release;
		};
		D30F79792A3A39A3005A23B8 /* Debug */ = {
			isa = XCBuildConfiguration;
			buildSettings = {
				ASSETCATALOG_COMPILER_APPICON_NAME = AppIcon;
				ASSETCATALOG_COMPILER_GLOBAL_ACCENT_COLOR_NAME = AccentColor;
				CODE_SIGN_STYLE = Automatic;
				CURRENT_PROJECT_VERSION = 1;
				DEVELOPMENT_ASSET_PATHS = "\"PlayCards/Preview Content\"";
				DEVELOPMENT_TEAM = "";
				ENABLE_PREVIEWS = YES;
				GENERATE_INFOPLIST_FILE = YES;
				INFOPLIST_KEY_NSLocationAlwaysAndWhenInUseUsageDescription = "App need location access to select the side of player";
				INFOPLIST_KEY_NSLocationAlwaysUsageDescription = "App need location access to select the side of player";
				INFOPLIST_KEY_NSLocationWhenInUseUsageDescription = "App need location access to select the side of player";
				INFOPLIST_KEY_UIApplicationSceneManifest_Generation = YES;
				INFOPLIST_KEY_UIApplicationSupportsIndirectInputEvents = YES;
				INFOPLIST_KEY_UILaunchScreen_Generation = YES;
				INFOPLIST_KEY_UISupportedInterfaceOrientations = "UIInterfaceOrientationLandscapeLeft UIInterfaceOrientationLandscapeRight";
				LD_RUNPATH_SEARCH_PATHS = (
					"$(inherited)",
					"@executable_path/Frameworks",
				);
				MARKETING_VERSION = 1.0;
				PRODUCT_BUNDLE_IDENTIFIER = com.PlayCards;
				PRODUCT_NAME = "$(TARGET_NAME)";
				SWIFT_EMIT_LOC_STRINGS = YES;
				SWIFT_VERSION = 5.0;
				TARGETED_DEVICE_FAMILY = "1,2";
			};
			name = Debug;
		};
		D30F797A2A3A39A3005A23B8 /* Release */ = {
			isa = XCBuildConfiguration;
			buildSettings = {
				ASSETCATALOG_COMPILER_APPICON_NAME = AppIcon;
				ASSETCATALOG_COMPILER_GLOBAL_ACCENT_COLOR_NAME = AccentColor;
				CODE_SIGN_STYLE = Automatic;
				CURRENT_PROJECT_VERSION = 1;
				DEVELOPMENT_ASSET_PATHS = "\"PlayCards/Preview Content\"";
				DEVELOPMENT_TEAM = "";
				ENABLE_PREVIEWS = YES;
				GENERATE_INFOPLIST_FILE = YES;
				INFOPLIST_KEY_NSLocationAlwaysAndWhenInUseUsageDescription = "App need location access to select the side of player";
				INFOPLIST_KEY_NSLocationAlwaysUsageDescription = "App need location access to select the side of player";
				INFOPLIST_KEY_NSLocationWhenInUseUsageDescription = "App need location access to select the side of player";
				INFOPLIST_KEY_UIApplicationSceneManifest_Generation = YES;
				INFOPLIST_KEY_UIApplicationSupportsIndirectInputEvents = YES;
				INFOPLIST_KEY_UILaunchScreen_Generation = YES;
				INFOPLIST_KEY_UISupportedInterfaceOrientations = "UIInterfaceOrientationLandscapeLeft UIInterfaceOrientationLandscapeRight";
				LD_RUNPATH_SEARCH_PATHS = (
					"$(inherited)",
					"@executable_path/Frameworks",
				);
				MARKETING_VERSION = 1.0;
				PRODUCT_BUNDLE_IDENTIFIER = com.PlayCards;
				PRODUCT_NAME = "$(TARGET_NAME)";
				SWIFT_EMIT_LOC_STRINGS = YES;
				SWIFT_VERSION = 5.0;
				TARGETED_DEVICE_FAMILY = "1,2";
			};
			name = Release;
		};
/* End XCBuildConfiguration section */

/* Begin XCConfigurationList section */
		D30F79652A3A39A2005A23B8 /* Build configuration list for PBXProject "PlayCards" */ = {
			isa = XCConfigurationList;
			buildConfigurations = (
				D30F79762A3A39A3005A23B8 /* Debug */,
				D30F79772A3A39A3005A23B8 /* Release */,
			);
			defaultConfigurationIsVisible = 0;
			defaultConfigurationName = Release;
		};
		D30F79782A3A39A3005A23B8 /* Build configuration list for PBXNativeTarget "PlayCards" */ = {
			isa = XCConfigurationList;
			buildConfigurations = (
				D30F79792A3A39A3005A23B8 /* Debug */,
				D30F797A2A3A39A3005A23B8 /* Release */,
			);
			defaultConfigurationIsVisible = 0;
			defaultConfigurationName = Release;
		};
/* End XCConfigurationList section */
	};
	rootObject = D30F79622A3A39A2005A23B8 /* Project object */;
}
